
Microsoft Visual Studio Solution File, Format Version 12.00
# Visual Studio Version 17
VisualStudioVersion = 17.0.31903.59
MinimumVisualStudioVersion = 10.0.40219.1
Project("{2150E333-8FDC-42A3-9474-1A3956D46DE8}") = "src", "src", "{827E0CD3-B72D-47B6-A68D-7590B98EB39B}"
EndProject
Project("{FAE04EC0-301F-11D3-BF4B-00C04F79EFBC}") = "DarkFactory.Core", "src\DarkFactory.Core\DarkFactory.Core.csproj", "{E0DDE9B6-B523-4F61-9EEB-72C45656A15C}"
EndProject
Project("{FAE04EC0-301F-11D3-BF4B-00C04F79EFBC}") = "DarkFactory.Contracts", "src\DarkFactory.Contracts\DarkFactory.Contracts.csproj", "{BB0D0B0D-7C76-484C-A3DF-5ABFD946A4D4}"
EndProject
Project("{FAE04EC0-301F-11D3-BF4B-00C04F79EFBC}") = "DarkFactory.Data", "src\DarkFactory.Data\DarkFactory.Data.csproj", "{EFD48CD5-D80A-4252-AFD7-C799C69D8E0B}"
EndProject
Project("{FAE04EC0-301F-11D3-BF4B-00C04F79EFBC}") = "DarkFactory.Client", "src\DarkFactory.Client\DarkFactory.Client.csproj", "{C912040B-B8BD-471C-B04B-EE94C0F37516}"
EndProject
Project("{FAE04EC0-301F-11D3-BF4B-00C04F79EFBC}") = "DarkFactory.Mcp", "src\DarkFactory.Mcp\DarkFactory.Mcp.csproj", "{9540094D-AC99-453D-8F52-F11B4B23B652}"
EndProject
Project("{FAE04EC0-301F-11D3-BF4B-00C04F79EFBC}") = "DarkFactory.Engine", "src\DarkFactory.Engine\DarkFactory.Engine.csproj", "{6AAE5FFF-6D92-4C9D-B042-D774CCA5ABE5}"
EndProject
Project("{2150E333-8FDC-42A3-9474-1A3956D46DE8}") = "tests", "tests", "{0AB3BF05-4346-4AA6-1389-037BE0695223}"
EndProject
Project("{FAE04EC0-301F-11D3-BF4B-00C04F79EFBC}") = "DarkFactory.Engine.Tests", "tests\DarkFactory.Engine.Tests\DarkFactory.Engine.Tests.csproj", "{F65E1125-1666-4DFD-9AFA-3DC99364BEB3}"
EndProject
Project("{FAE04EC0-301F-11D3-BF4B-00C04F79EFBC}") = "DarkFactory.Mcp.Tests", "tests\DarkFactory.Mcp.Tests\DarkFactory.Mcp.Tests.csproj", "{FAC0DB39-73F8-4B7D-9C95-7910D29237D4}"
EndProject
Project("{FAE04EC0-301F-11D3-BF4B-00C04F79EFBC}") = "DarkFactory.Migrate", "src\DarkFactory.Migrate\DarkFactory.Migrate.csproj", "{30894ECC-2C57-4B70-B6A6-CC64530F107C}"
EndProject
Project("{FAE04EC0-301F-11D3-BF4B-00C04F79EFBC}") = "DarkFactory.Data.Tests", "tests\DarkFactory.Data.Tests\DarkFactory.Data.Tests.csproj", "{0824DF05-E0D4-4315-9DFF-2C50B63BD98F}"
EndProject
Global
	GlobalSection(SolutionConfigurationPlatforms) = preSolution
		Debug|Any CPU = Debug|Any CPU
		Debug|x64 = Debug|x64
		Debug|x86 = Debug|x86
		Release|Any CPU = Release|Any CPU
		Release|x64 = Release|x64
		Release|x86 = Release|x86
	EndGlobalSection
	GlobalSection(ProjectConfigurationPlatforms) = postSolution
		{E0DDE9B6-B523-4F61-9EEB-72C45656A15C}.Debug|Any CPU.ActiveCfg = Debug|Any CPU
		{E0DDE9B6-B523-4F61-9EEB-72C45656A15C}.Debug|Any CPU.Build.0 = Debug|Any CPU
		{E0DDE9B6-B523-4F61-9EEB-72C45656A15C}.Debug|x64.ActiveCfg = Debug|Any CPU
		{E0DDE9B6-B523-4F61-9EEB-72C45656A15C}.Debug|x64.Build.0 = Debug|Any CPU
		{E0DDE9B6-B523-4F61-9EEB-72C45656A15C}.Debug|x86.ActiveCfg = Debug|Any CPU
		{E0DDE9B6-B523-4F61-9EEB-72C45656A15C}.Debug|x86.Build.0 = Debug|Any CPU
		{E0DDE9B6-B523-4F61-9EEB-72C45656A15C}.Release|Any CPU.ActiveCfg = Release|Any CPU
		{E0DDE9B6-B523-4F61-9EEB-72C45656A15C}.Release|Any CPU.Build.0 = Release|Any CPU
		{E0DDE9B6-B523-4F61-9EEB-72C45656A15C}.Release|x64.ActiveCfg = Release|Any CPU
		{E0DDE9B6-B523-4F61-9EEB-72C45656A15C}.Release|x64.Build.0 = Release|Any CPU
		{E0DDE9B6-B523-4F61-9EEB-72C45656A15C}.Release|x86.ActiveCfg = Release|Any CPU
		{E0DDE9B6-B523-4F61-9EEB-72C45656A15C}.Release|x86.Build.0 = Release|Any CPU
		{BB0D0B0D-7C76-484C-A3DF-5ABFD946A4D4}.Debug|Any CPU.ActiveCfg = Debug|Any CPU
		{BB0D0B0D-7C76-484C-A3DF-5ABFD946A4D4}.Debug|Any CPU.Build.0 = Debug|Any CPU
		{BB0D0B0D-7C76-484C-A3DF-5ABFD946A4D4}.Debug|x64.ActiveCfg = Debug|Any CPU
		{BB0D0B0D-7C76-484C-A3DF-5ABFD946A4D4}.Debug|x64.Build.0 = Debug|Any CPU
		{BB0D0B0D-7C76-484C-A3DF-5ABFD946A4D4}.Debug|x86.ActiveCfg = Debug|Any CPU
		{BB0D0B0D-7C76-484C-A3DF-5ABFD946A4D4}.Debug|x86.Build.0 = Debug|Any CPU
		{BB0D0B0D-7C76-484C-A3DF-5ABFD946A4D4}.Release|Any CPU.ActiveCfg = Release|Any CPU
		{BB0D0B0D-7C76-484C-A3DF-5ABFD946A4D4}.Release|Any CPU.Build.0 = Release|Any CPU
		{BB0D0B0D-7C76-484C-A3DF-5ABFD946A4D4}.Release|x64.ActiveCfg = Release|Any CPU
		{BB0D0B0D-7C76-484C-A3DF-5ABFD946A4D4}.Release|x64.Build.0 = Release|Any CPU
		{BB0D0B0D-7C76-484C-A3DF-5ABFD946A4D4}.Release|x86.ActiveCfg = Release|Any CPU
		{BB0D0B0D-7C76-484C-A3DF-5ABFD946A4D4}.Release|x86.Build.0 = Release|Any CPU
		{EFD48CD5-D80A-4252-AFD7-C799C69D8E0B}.Debug|Any CPU.ActiveCfg = Debug|Any CPU
		{EFD48CD5-D80A-4252-AFD7-C799C69D8E0B}.Debug|Any CPU.Build.0 = Debug|Any CPU
		{EFD48CD5-D80A-4252-AFD7-C799C69D8E0B}.Debug|x64.ActiveCfg = Debug|Any CPU
		{EFD48CD5-D80A-4252-AFD7-C799C69D8E0B}.Debug|x64.Build.0 = Debug|Any CPU
		{EFD48CD5-D80A-4252-AFD7-C799C69D8E0B}.Debug|x86.ActiveCfg = Debug|Any CPU
		{EFD48CD5-D80A-4252-AFD7-C799C69D8E0B}.Debug|x86.Build.0 = Debug|Any CPU
		{EFD48CD5-D80A-4252-AFD7-C799C69D8E0B}.Release|Any CPU.ActiveCfg = Release|Any CPU
		{EFD48CD5-D80A-4252-AFD7-C799C69D8E0B}.Release|Any CPU.Build.0 = Release|Any CPU
		{EFD48CD5-D80A-4252-AFD7-C799C69D8E0B}.Release|x64.ActiveCfg = Release|Any CPU
		{EFD48CD5-D80A-4252-AFD7-C799C69D8E0B}.Release|x64.Build.0 = Release|Any CPU
		{EFD48CD5-D80A-4252-AFD7-C799C69D8E0B}.Release|x86.ActiveCfg = Release|Any CPU
		{EFD48CD5-D80A-4252-AFD7-C799C69D8E0B}.Release|x86.Build.0 = Release|Any CPU
		{C912040B-B8BD-471C-B04B-EE94C0F37516}.Debug|Any CPU.ActiveCfg = Debug|Any CPU
		{C912040B-B8BD-471C-B04B-EE94C0F37516}.Debug|Any CPU.Build.0 = Debug|Any CPU
		{C912040B-B8BD-471C-B04B-EE94C0F37516}.Debug|x64.ActiveCfg = Debug|Any CPU
		{C912040B-B8BD-471C-B04B-EE94C0F37516}.Debug|x64.Build.0 = Debug|Any CPU
		{C912040B-B8BD-471C-B04B-EE94C0F37516}.Debug|x86.ActiveCfg = Debug|Any CPU
		{C912040B-B8BD-471C-B04B-EE94C0F37516}.Debug|x86.Build.0 = Debug|Any CPU
		{C912040B-B8BD-471C-B04B-EE94C0F37516}.Release|Any CPU.ActiveCfg = Release|Any CPU
		{C912040B-B8BD-471C-B04B-EE94C0F37516}.Release|Any CPU.Build.0 = Release|Any CPU
		{C912040B-B8BD-471C-B04B-EE94C0F37516}.Release|x64.ActiveCfg = Release|Any CPU
		{C912040B-B8BD-471C-B04B-EE94C0F37516}.Release|x64.Build.0 = Release|Any CPU
		{C912040B-B8BD-471C-B04B-EE94C0F37516}.Release|x86.ActiveCfg = Release|Any CPU
		{C912040B-B8BD-471C-B04B-EE94C0F37516}.Release|x86.Build.0 = Release|Any CPU
		{9540094D-AC99-453D-8F52-F11B4B23B652}.Debug|Any CPU.ActiveCfg = Debug|Any CPU
		{9540094D-AC99-453D-8F52-F11B4B23B652}.Debug|Any CPU.Build.0 = Debug|Any CPU
		{9540094D-AC99-453D-8F52-F11B4B23B652}.Debug|x64.ActiveCfg = Debug|Any CPU
		{9540094D-AC99-453D-8F52-F11B4B23B652}.Debug|x64.Build.0 = Debug|Any CPU
		{9540094D-AC99-453D-8F52-F11B4B23B652}.Debug|x86.ActiveCfg = Debug|Any CPU
		{9540094D-AC99-453D-8F52-F11B4B23B652}.Debug|x86.Build.0 = Debug|Any CPU
		{9540094D-AC99-453D-8F52-F11B4B23B652}.Release|Any CPU.ActiveCfg = Release|Any CPU
		{9540094D-AC99-453D-8F52-F11B4B23B652}.Release|Any CPU.Build.0 = Release|Any CPU
		{9540094D-AC99-453D-8F52-F11B4B23B652}.Release|x64.ActiveCfg = Release|Any CPU
		{9540094D-AC99-453D-8F52-F11B4B23B652}.Release|x64.Build.0 = Release|Any CPU
		{9540094D-AC99-453D-8F52-F11B4B23B652}.Release|x86.ActiveCfg = Release|Any CPU
		{9540094D-AC99-453D-8F52-F11B4B23B652}.Release|x86.Build.0 = Release|Any CPU
		{6AAE5FFF-6D92-4C9D-B042-D774CCA5ABE5}.Debug|Any CPU.ActiveCfg = Debug|Any CPU
		{6AAE5FFF-6D92-4C9D-B042-D774CCA5ABE5}.Debug|Any CPU.Build.0 = Debug|Any CPU
		{6AAE5FFF-6D92-4C9D-B042-D774CCA5ABE5}.Debug|x64.ActiveCfg = Debug|Any CPU
		{6AAE5FFF-6D92-4C9D-B042-D774CCA5ABE5}.Debug|x64.Build.0 = Debug|Any CPU
		{6AAE5FFF-6D92-4C9D-B042-D774CCA5ABE5}.Debug|x86.ActiveCfg = Debug|Any CPU
		{6AAE5FFF-6D92-4C9D-B042-D774CCA5ABE5}.Debug|x86.Build.0 = Debug|Any CPU
		{6AAE5FFF-6D92-4C9D-B042-D774CCA5ABE5}.Release|Any CPU.ActiveCfg = Release|Any CPU
		{6AAE5FFF-6D92-4C9D-B042-D774CCA5ABE5}.Release|Any CPU.Build.0 = Release|Any CPU
		{6AAE5FFF-6D92-4C9D-B042-D774CCA5ABE5}.Release|x64.ActiveCfg = Release|Any CPU
		{6AAE5FFF-6D92-4C9D-B042-D774CCA5ABE5}.Release|x64.Build.0 = Release|Any CPU
		{6AAE5FFF-6D92-4C9D-B042-D774CCA5ABE5}.Release|x86.ActiveCfg = Release|Any CPU
		{6AAE5FFF-6D92-4C9D-B042-D774CCA5ABE5}.Release|x86.Build.0 = Release|Any CPU
		{F65E1125-1666-4DFD-9AFA-3DC99364BEB3}.Debug|Any CPU.ActiveCfg = Debug|Any CPU
		{F65E1125-1666-4DFD-9AFA-3DC99364BEB3}.Debug|Any CPU.Build.0 = Debug|Any CPU
		{F65E1125-1666-4DFD-9AFA-3DC99364BEB3}.Debug|x64.ActiveCfg = Debug|Any CPU
		{F65E1125-1666-4DFD-9AFA-3DC99364BEB3}.Debug|x64.Build.0 = Debug|Any CPU
		{F65E1125-1666-4DFD-9AFA-3DC99364BEB3}.Debug|x86.ActiveCfg = Debug|Any CPU
		{F65E1125-1666-4DFD-9AFA-3DC99364BEB3}.Debug|x86.Build.0 = Debug|Any CPU
		{F65E1125-1666-4DFD-9AFA-3DC99364BEB3}.Release|Any CPU.ActiveCfg = Release|Any CPU
		{F65E1125-1666-4DFD-9AFA-3DC99364BEB3}.Release|Any CPU.Build.0 = Release|Any CPU
		{F65E1125-1666-4DFD-9AFA-3DC99364BEB3}.Release|x64.ActiveCfg = Release|Any CPU
		{F65E1125-1666-4DFD-9AFA-3DC99364BEB3}.Release|x64.Build.0 = Release|Any CPU
		{F65E1125-1666-4DFD-9AFA-3DC99364BEB3}.Release|x86.ActiveCfg = Release|Any CPU
		{F65E1125-1666-4DFD-9AFA-3DC99364BEB3}.Release|x86.Build.0 = Release|Any CPU
		{FAC0DB39-73F8-4B7D-9C95-7910D29237D4}.Debug|Any CPU.ActiveCfg = Debug|Any CPU
		{FAC0DB39-73F8-4B7D-9C95-7910D29237D4}.Debug|Any CPU.Build.0 = Debug|Any CPU
		{FAC0DB39-73F8-4B7D-9C95-7910D29237D4}.Debug|x64.ActiveCfg = Debug|Any CPU
		{FAC0DB39-73F8-4B7D-9C95-7910D29237D4}.Debug|x64.Build.0 = Debug|Any CPU
		{FAC0DB39-73F8-4B7D-9C95-7910D29237D4}.Debug|x86.ActiveCfg = Debug|Any CPU
		{FAC0DB39-73F8-4B7D-9C95-7910D29237D4}.Debug|x86.Build.0 = Debug|Any CPU
		{FAC0DB39-73F8-4B7D-9C95-7910D29237D4}.Release|Any CPU.ActiveCfg = Release|Any CPU
		{FAC0DB39-73F8-4B7D-9C95-7910D29237D4}.Release|Any CPU.Build.0 = Release|Any CPU
		{FAC0DB39-73F8-4B7D-9C95-7910D29237D4}.Release|x64.ActiveCfg = Release|Any CPU
		{FAC0DB39-73F8-4B7D-9C95-7910D29237D4}.Release|x64.Build.0 = Release|Any CPU
		{FAC0DB39-73F8-4B7D-9C95-7910D29237D4}.Release|x86.ActiveCfg = Release|Any CPU
		{FAC0DB39-73F8-4B7D-9C95-7910D29237D4}.Release|x86.Build.0 = Release|Any CPU
		{30894ECC-2C57-4B70-B6A6-CC64530F107C}.Debug|Any CPU.ActiveCfg = Debug|Any CPU
		{30894ECC-2C57-4B70-B6A6-CC64530F107C}.Debug|Any CPU.Build.0 = Debug|Any CPU
		{30894ECC-2C57-4B70-B6A6-CC64530F107C}.Debug|x64.ActiveCfg = Debug|Any CPU
		{30894ECC-2C57-4B70-B6A6-CC64530F107C}.Debug|x64.Build.0 = Debug|Any CPU
		{30894ECC-2C57-4B70-B6A6-CC64530F107C}.Debug|x86.ActiveCfg = Debug|Any CPU
		{30894ECC-2C57-4B70-B6A6-CC64530F107C}.Debug|x86.Build.0 = Debug|Any CPU
		{30894ECC-2C57-4B70-B6A6-CC64530F107C}.Release|Any CPU.ActiveCfg = Release|Any CPU
		{30894ECC-2C57-4B70-B6A6-CC64530F107C}.Release|Any CPU.Build.0 = Release|Any CPU
		{30894ECC-2C57-4B70-B6A6-CC64530F107C}.Release|x64.ActiveCfg = Release|Any CPU
		{30894ECC-2C57-4B70-B6A6-CC64530F107C}.Release|x64.Build.0 = Release|Any CPU
		{30894ECC-2C57-4B70-B6A6-CC64530F107C}.Release|x86.ActiveCfg = Release|Any CPU
		{30894ECC-2C57-4B70-B6A6-CC64530F107C}.Release|x86.Build.0 = Release|Any CPU
		{0824DF05-E0D4-4315-9DFF-2C50B63BD98F}.Debug|Any CPU.ActiveCfg = Debug|Any CPU
		{0824DF05-E0D4-4315-9DFF-2C50B63BD98F}.Debug|Any CPU.Build.0 = Debug|Any CPU
		{0824DF05-E0D4-4315-9DFF-2C50B63BD98F}.Debug|x64.ActiveCfg = Debug|Any CPU
		{0824DF05-E0D4-4315-9DFF-2C50B63BD98F}.Debug|x64.Build.0 = Debug|Any CPU
		{0824DF05-E0D4-4315-9DFF-2C50B63BD98F}.Debug|x86.ActiveCfg = Debug|Any CPU
		{0824DF05-E0D4-4315-9DFF-2C50B63BD98F}.Debug|x86.Build.0 = Debug|Any CPU
		{0824DF05-E0D4-4315-9DFF-2C50B63BD98F}.Release|Any CPU.ActiveCfg = Release|Any CPU
		{0824DF05-E0D4-4315-9DFF-2C50B63BD98F}.Release|Any CPU.Build.0 = Release|Any CPU
		{0824DF05-E0D4-4315-9DFF-2C50B63BD98F}.Release|x64.ActiveCfg = Release|Any CPU
		{0824DF05-E0D4-4315-9DFF-2C50B63BD98F}.Release|x64.Build.0 = Release|Any CPU
		{0824DF05-E0D4-4315-9DFF-2C50B63BD98F}.Release|x86.ActiveCfg = Release|Any CPU
		{0824DF05-E0D4-4315-9DFF-2C50B63BD98F}.Release|x86.Build.0 = Release|Any CPU
	EndGlobalSection
	GlobalSection(SolutionProperties) = preSolution
		HideSolutionNode = FALSE
	EndGlobalSection
	GlobalSection(NestedProjects) = preSolution
		{E0DDE9B6-B523-4F61-9EEB-72C45656A15C} = {827E0CD3-B72D-47B6-A68D-7590B98EB39B}
		{BB0D0B0D-7C76-484C-A3DF-5ABFD946A4D4} = {827E0CD3-B72D-47B6-A68D-7590B98EB39B}
		{EFD48CD5-D80A-4252-AFD7-C799C69D8E0B} = {827E0CD3-B72D-47B6-A68D-7590B98EB39B}
		{C912040B-B8BD-471C-B04B-EE94C0F37516} = {827E0CD3-B72D-47B6-A68D-7590B98EB39B}
		{9540094D-AC99-453D-8F52-F11B4B23B652} = {827E0CD3-B72D-47B6-A68D-7590B98EB39B}
		{6AAE5FFF-6D92-4C9D-B042-D774CCA5ABE5} = {827E0CD3-B72D-47B6-A68D-7590B98EB39B}
		{F65E1125-1666-4DFD-9AFA-3DC99364BEB3} = {0AB3BF05-4346-4AA6-1389-037BE0695223}
		{FAC0DB39-73F8-4B7D-9C95-7910D29237D4} = {0AB3BF05-4346-4AA6-1389-037BE0695223}
		{30894ECC-2C57-4B70-B6A6-CC64530F107C} = {827E0CD3-B72D-47B6-A68D-7590B98EB39B}
		{0824DF05-E0D4-4315-9DFF-2C50B63BD98F} = {0AB3BF05-4346-4AA6-1389-037BE0695223}
	EndGlobalSection
EndGlobal
